// !$*UTF8*$!
{
	archiveVersion = 1;
	classes = {
	};
	objectVersion = 46;
	objects = {

/* Begin PBXBuildFile section */
		9EEAFD981B4727DB0095CCF5 /* AppDelegate.swift in Sources */ = {isa = PBXBuildFile; fileRef = 9EEAFD971B4727DB0095CCF5 /* AppDelegate.swift */; };
		9EEAFD9A1B4727DB0095CCF5 /* ViewController.swift in Sources */ = {isa = PBXBuildFile; fileRef = 9EEAFD991B4727DB0095CCF5 /* ViewController.swift */; };
		9EEAFD9D1B4727DB0095CCF5 /* Main.storyboard in Resources */ = {isa = PBXBuildFile; fileRef = 9EEAFD9B1B4727DB0095CCF5 /* Main.storyboard */; };
		9EEAFD9F1B4727DB0095CCF5 /* Images.xcassets in Resources */ = {isa = PBXBuildFile; fileRef = 9EEAFD9E1B4727DB0095CCF5 /* Images.xcassets */; };
		9EEAFDA21B4727DB0095CCF5 /* LaunchScreen.xib in Resources */ = {isa = PBXBuildFile; fileRef = 9EEAFDA01B4727DB0095CCF5 /* LaunchScreen.xib */; };
		9EEAFDAE1B4727DB0095CCF5 /* Project1Tests.swift in Sources */ = {isa = PBXBuildFile; fileRef = 9EEAFDAD1B4727DB0095CCF5 /* Project1Tests.swift */; };
		D4283FA21B4874C50054188B /* Bolts.framework in Frameworks */ = {isa = PBXBuildFile; fileRef = D4283F9C1B4874C50054188B /* Bolts.framework */; };
		D4283FA31B4874C50054188B /* Parse.framework in Frameworks */ = {isa = PBXBuildFile; fileRef = D4283F9D1B4874C50054188B /* Parse.framework */; };
		D4283FA41B4874C50054188B /* ParseCrashReporting.framework in Frameworks */ = {isa = PBXBuildFile; fileRef = D4283F9E1B4874C50054188B /* ParseCrashReporting.framework */; };
		D4283FA51B4874C50054188B /* ParseFacebookUtils.framework in Frameworks */ = {isa = PBXBuildFile; fileRef = D4283F9F1B4874C50054188B /* ParseFacebookUtils.framework */; };
		D4283FA61B4874C50054188B /* ParseFacebookUtilsV4.framework in Frameworks */ = {isa = PBXBuildFile; fileRef = D4283FA01B4874C50054188B /* ParseFacebookUtilsV4.framework */; };
		D4283FA71B4874C50054188B /* ParseUI.framework in Frameworks */ = {isa = PBXBuildFile; fileRef = D4283FA11B4874C50054188B /* ParseUI.framework */; };
		D4283FA91B4875650054188B /* Accounts.framework in Frameworks */ = {isa = PBXBuildFile; fileRef = D4283FA81B4875650054188B /* Accounts.framework */; };
		D4283FAB1B4875700054188B /* AudioToolbox.framework in Frameworks */ = {isa = PBXBuildFile; fileRef = D4283FAA1B4875700054188B /* AudioToolbox.framework */; };
		D4283FAD1B48757B0054188B /* CFNetwork.framework in Frameworks */ = {isa = PBXBuildFile; fileRef = D4283FAC1B48757B0054188B /* CFNetwork.framework */; };
		D4283FAF1B4875850054188B /* CoreGraphics.framework in Frameworks */ = {isa = PBXBuildFile; fileRef = D4283FAE1B4875850054188B /* CoreGraphics.framework */; };
		D4283FB11B48758E0054188B /* CoreLocation.framework in Frameworks */ = {isa = PBXBuildFile; fileRef = D4283FB01B48758E0054188B /* CoreLocation.framework */; };
		D4283FB31B48759F0054188B /* MobileCoreServices.framework in Frameworks */ = {isa = PBXBuildFile; fileRef = D4283FB21B48759F0054188B /* MobileCoreServices.framework */; };
		D4283FB51B4875A80054188B /* QuartzCore.framework in Frameworks */ = {isa = PBXBuildFile; fileRef = D4283FB41B4875A80054188B /* QuartzCore.framework */; };
		D4283FB71B4875B00054188B /* Security.framework in Frameworks */ = {isa = PBXBuildFile; fileRef = D4283FB61B4875B00054188B /* Security.framework */; };
		D4283FB91B4875B80054188B /* Social.framework in Frameworks */ = {isa = PBXBuildFile; fileRef = D4283FB81B4875B80054188B /* Social.framework */; };
		D4283FBB1B4875BD0054188B /* StoreKit.framework in Frameworks */ = {isa = PBXBuildFile; fileRef = D4283FBA1B4875BD0054188B /* StoreKit.framework */; };
		D4283FBD1B4875CB0054188B /* SystemConfiguration.framework in Frameworks */ = {isa = PBXBuildFile; fileRef = D4283FBC1B4875CB0054188B /* SystemConfiguration.framework */; };
		D4283FBF1B4875D80054188B /* libz.dylib in Frameworks */ = {isa = PBXBuildFile; fileRef = D4283FBE1B4875D80054188B /* libz.dylib */; };
		D4283FC11B4875E30054188B /* libsqlite3.dylib in Frameworks */ = {isa = PBXBuildFile; fileRef = D4283FC01B4875E30054188B /* libsqlite3.dylib */; };
/* End PBXBuildFile section */

/* Begin PBXContainerItemProxy section */
		9EEAFDA81B4727DB0095CCF5 /* PBXContainerItemProxy */ = {
			isa = PBXContainerItemProxy;
			containerPortal = 9EEAFD8A1B4727DB0095CCF5 /* Project object */;
			proxyType = 1;
			remoteGlobalIDString = 9EEAFD911B4727DB0095CCF5;
			remoteInfo = Project1;
		};
/* End PBXContainerItemProxy section */

/* Begin PBXFileReference section */
		9EEAFD921B4727DB0095CCF5 /* Project1.app */ = {isa = PBXFileReference; explicitFileType = wrapper.application; includeInIndex = 0; path = Project1.app; sourceTree = BUILT_PRODUCTS_DIR; };
		9EEAFD961B4727DB0095CCF5 /* Info.plist */ = {isa = PBXFileReference; lastKnownFileType = text.plist.xml; path = Info.plist; sourceTree = "<group>"; };
		9EEAFD971B4727DB0095CCF5 /* AppDelegate.swift */ = {isa = PBXFileReference; lastKnownFileType = sourcecode.swift; path = AppDelegate.swift; sourceTree = "<group>"; };
		9EEAFD991B4727DB0095CCF5 /* ViewController.swift */ = {isa = PBXFileReference; lastKnownFileType = sourcecode.swift; path = ViewController.swift; sourceTree = "<group>"; };
		9EEAFD9C1B4727DB0095CCF5 /* Base */ = {isa = PBXFileReference; lastKnownFileType = file.storyboard; name = Base; path = Base.lproj/Main.storyboard; sourceTree = "<group>"; };
		9EEAFD9E1B4727DB0095CCF5 /* Images.xcassets */ = {isa = PBXFileReference; lastKnownFileType = folder.assetcatalog; path = Images.xcassets; sourceTree = "<group>"; };
		9EEAFDA11B4727DB0095CCF5 /* Base */ = {isa = PBXFileReference; lastKnownFileType = file.xib; name = Base; path = Base.lproj/LaunchScreen.xib; sourceTree = "<group>"; };
		9EEAFDA71B4727DB0095CCF5 /* Project1Tests.xctest */ = {isa = PBXFileReference; explicitFileType = wrapper.cfbundle; includeInIndex = 0; path = Project1Tests.xctest; sourceTree = BUILT_PRODUCTS_DIR; };
		9EEAFDAC1B4727DB0095CCF5 /* Info.plist */ = {isa = PBXFileReference; lastKnownFileType = text.plist.xml; path = Info.plist; sourceTree = "<group>"; };
		9EEAFDAD1B4727DB0095CCF5 /* Project1Tests.swift */ = {isa = PBXFileReference; lastKnownFileType = sourcecode.swift; path = Project1Tests.swift; sourceTree = "<group>"; };
		D4283F9C1B4874C50054188B /* Bolts.framework */ = {isa = PBXFileReference; lastKnownFileType = wrapper.framework; name = Bolts.framework; path = "parse-library-1/Bolts.framework"; sourceTree = "<group>"; };
		D4283F9D1B4874C50054188B /* Parse.framework */ = {isa = PBXFileReference; lastKnownFileType = wrapper.framework; name = Parse.framework; path = "parse-library-1/Parse.framework"; sourceTree = "<group>"; };
		D4283F9E1B4874C50054188B /* ParseCrashReporting.framework */ = {isa = PBXFileReference; lastKnownFileType = wrapper.framework; name = ParseCrashReporting.framework; path = "parse-library-1/ParseCrashReporting.framework"; sourceTree = "<group>"; };
		D4283F9F1B4874C50054188B /* ParseFacebookUtils.framework */ = {isa = PBXFileReference; lastKnownFileType = wrapper.framework; name = ParseFacebookUtils.framework; path = "parse-library-1/ParseFacebookUtils.framework"; sourceTree = "<group>"; };
		D4283FA01B4874C50054188B /* ParseFacebookUtilsV4.framework */ = {isa = PBXFileReference; lastKnownFileType = wrapper.framework; name = ParseFacebookUtilsV4.framework; path = "parse-library-1/ParseFacebookUtilsV4.framework"; sourceTree = "<group>"; };
		D4283FA11B4874C50054188B /* ParseUI.framework */ = {isa = PBXFileReference; lastKnownFileType = wrapper.framework; name = ParseUI.framework; path = "parse-library-1/ParseUI.framework"; sourceTree = "<group>"; };
		D4283FA81B4875650054188B /* Accounts.framework */ = {isa = PBXFileReference; lastKnownFileType = wrapper.framework; name = Accounts.framework; path = System/Library/Frameworks/Accounts.framework; sourceTree = SDKROOT; };
		D4283FAA1B4875700054188B /* AudioToolbox.framework */ = {isa = PBXFileReference; lastKnownFileType = wrapper.framework; name = AudioToolbox.framework; path = System/Library/Frameworks/AudioToolbox.framework; sourceTree = SDKROOT; };
		D4283FAC1B48757B0054188B /* CFNetwork.framework */ = {isa = PBXFileReference; lastKnownFileType = wrapper.framework; name = CFNetwork.framework; path = System/Library/Frameworks/CFNetwork.framework; sourceTree = SDKROOT; };
		D4283FAE1B4875850054188B /* CoreGraphics.framework */ = {isa = PBXFileReference; lastKnownFileType = wrapper.framework; name = CoreGraphics.framework; path = System/Library/Frameworks/CoreGraphics.framework; sourceTree = SDKROOT; };
		D4283FB01B48758E0054188B /* CoreLocation.framework */ = {isa = PBXFileReference; lastKnownFileType = wrapper.framework; name = CoreLocation.framework; path = System/Library/Frameworks/CoreLocation.framework; sourceTree = SDKROOT; };
		D4283FB21B48759F0054188B /* MobileCoreServices.framework */ = {isa = PBXFileReference; lastKnownFileType = wrapper.framework; name = MobileCoreServices.framework; path = System/Library/Frameworks/MobileCoreServices.framework; sourceTree = SDKROOT; };
		D4283FB41B4875A80054188B /* QuartzCore.framework */ = {isa = PBXFileReference; lastKnownFileType = wrapper.framework; name = QuartzCore.framework; path = System/Library/Frameworks/QuartzCore.framework; sourceTree = SDKROOT; };
		D4283FB61B4875B00054188B /* Security.framework */ = {isa = PBXFileReference; lastKnownFileType = wrapper.framework; name = Security.framework; path = System/Library/Frameworks/Security.framework; sourceTree = SDKROOT; };
		D4283FB81B4875B80054188B /* Social.framework */ = {isa = PBXFileReference; lastKnownFileType = wrapper.framework; name = Social.framework; path = System/Library/Frameworks/Social.framework; sourceTree = SDKROOT; };
		D4283FBA1B4875BD0054188B /* StoreKit.framework */ = {isa = PBXFileReference; lastKnownFileType = wrapper.framework; name = StoreKit.framework; path = System/Library/Frameworks/StoreKit.framework; sourceTree = SDKROOT; };
		D4283FBC1B4875CB0054188B /* SystemConfiguration.framework */ = {isa = PBXFileReference; lastKnownFileType = wrapper.framework; name = SystemConfiguration.framework; path = System/Library/Frameworks/SystemConfiguration.framework; sourceTree = SDKROOT; };
		D4283FBE1B4875D80054188B /* libz.dylib */ = {isa = PBXFileReference; lastKnownFileType = "compiled.mach-o.dylib"; name = libz.dylib; path = usr/lib/libz.dylib; sourceTree = SDKROOT; };
		D4283FC01B4875E30054188B /* libsqlite3.dylib */ = {isa = PBXFileReference; lastKnownFileType = "compiled.mach-o.dylib"; name = libsqlite3.dylib; path = usr/lib/libsqlite3.dylib; sourceTree = SDKROOT; };
/* End PBXFileReference section */

/* Begin PBXFrameworksBuildPhase section */
		9EEAFD8F1B4727DB0095CCF5 /* Frameworks */ = {
			isa = PBXFrameworksBuildPhase;
			buildActionMask = 2147483647;
			files = (
				D4283FC11B4875E30054188B /* libsqlite3.dylib in Frameworks */,
				D4283FBF1B4875D80054188B /* libz.dylib in Frameworks */,
				D4283FBD1B4875CB0054188B /* SystemConfiguration.framework in Frameworks */,
				D4283FBB1B4875BD0054188B /* StoreKit.framework in Frameworks */,
				D4283FB91B4875B80054188B /* Social.framework in Frameworks */,
				D4283FB71B4875B00054188B /* Security.framework in Frameworks */,
				D4283FB51B4875A80054188B /* QuartzCore.framework in Frameworks */,
				D4283FB31B48759F0054188B /* MobileCoreServices.framework in Frameworks */,
				D4283FB11B48758E0054188B /* CoreLocation.framework in Frameworks */,
				D4283FAF1B4875850054188B /* CoreGraphics.framework in Frameworks */,
				D4283FAD1B48757B0054188B /* CFNetwork.framework in Frameworks */,
				D4283FAB1B4875700054188B /* AudioToolbox.framework in Frameworks */,
				D4283FA91B4875650054188B /* Accounts.framework in Frameworks */,
				D4283FA71B4874C50054188B /* ParseUI.framework in Frameworks */,
				D4283FA31B4874C50054188B /* Parse.framework in Frameworks */,
				D4283FA41B4874C50054188B /* ParseCrashReporting.framework in Frameworks */,
				D4283FA51B4874C50054188B /* ParseFacebookUtils.framework in Frameworks */,
				D4283FA21B4874C50054188B /* Bolts.framework in Frameworks */,
				D4283FA61B4874C50054188B /* ParseFacebookUtilsV4.framework in Frameworks */,
			);
			runOnlyForDeploymentPostprocessing = 0;
		};
		9EEAFDA41B4727DB0095CCF5 /* Frameworks */ = {
			isa = PBXFrameworksBuildPhase;
			buildActionMask = 2147483647;
			files = (
			);
			runOnlyForDeploymentPostprocessing = 0;
		};
/* End PBXFrameworksBuildPhase section */

/* Begin PBXGroup section */
		9EEAFD891B4727DB0095CCF5 = {
			isa = PBXGroup;
			children = (
				D4283F991B48745B0054188B /* Frameworks */,
				9EEAFD941B4727DB0095CCF5 /* Project1 */,
				9EEAFDAA1B4727DB0095CCF5 /* Project1Tests */,
				9EEAFD931B4727DB0095CCF5 /* Products */,
			);
			sourceTree = "<group>";
		};
		9EEAFD931B4727DB0095CCF5 /* Products */ = {
			isa = PBXGroup;
			children = (
				9EEAFD921B4727DB0095CCF5 /* Project1.app */,
				9EEAFDA71B4727DB0095CCF5 /* Project1Tests.xctest */,
			);
			name = Products;
			sourceTree = "<group>";
		};
		9EEAFD941B4727DB0095CCF5 /* Project1 */ = {
			isa = PBXGroup;
			children = (
				9EEAFD971B4727DB0095CCF5 /* AppDelegate.swift */,
				9EEAFD991B4727DB0095CCF5 /* ViewController.swift */,
				9EEAFD9B1B4727DB0095CCF5 /* Main.storyboard */,
				9EEAFD9E1B4727DB0095CCF5 /* Images.xcassets */,
				9EEAFDA01B4727DB0095CCF5 /* LaunchScreen.xib */,
				9EEAFD951B4727DB0095CCF5 /* Supporting Files */,
			);
			path = Project1;
			sourceTree = "<group>";
		};
		9EEAFD951B4727DB0095CCF5 /* Supporting Files */ = {
			isa = PBXGroup;
			children = (
				9EEAFD961B4727DB0095CCF5 /* Info.plist */,
			);
			name = "Supporting Files";
			sourceTree = "<group>";
		};
		9EEAFDAA1B4727DB0095CCF5 /* Project1Tests */ = {
			isa = PBXGroup;
			children = (
				9EEAFDAD1B4727DB0095CCF5 /* Project1Tests.swift */,
				9EEAFDAB1B4727DB0095CCF5 /* Supporting Files */,
			);
			path = Project1Tests;
			sourceTree = "<group>";
		};
		9EEAFDAB1B4727DB0095CCF5 /* Supporting Files */ = {
			isa = PBXGroup;
			children = (
				9EEAFDAC1B4727DB0095CCF5 /* Info.plist */,
			);
			name = "Supporting Files";
			sourceTree = "<group>";
		};
		D4283F991B48745B0054188B /* Frameworks */ = {
			isa = PBXGroup;
			children = (
				D4283FC01B4875E30054188B /* libsqlite3.dylib */,
				D4283FBE1B4875D80054188B /* libz.dylib */,
				D4283FBC1B4875CB0054188B /* SystemConfiguration.framework */,
				D4283FBA1B4875BD0054188B /* StoreKit.framework */,
				D4283FB81B4875B80054188B /* Social.framework */,
				D4283FB61B4875B00054188B /* Security.framework */,
				D4283FB41B4875A80054188B /* QuartzCore.framework */,
				D4283FB21B48759F0054188B /* MobileCoreServices.framework */,
				D4283FB01B48758E0054188B /* CoreLocation.framework */,
				D4283FAE1B4875850054188B /* CoreGraphics.framework */,
				D4283FAC1B48757B0054188B /* CFNetwork.framework */,
				D4283FAA1B4875700054188B /* AudioToolbox.framework */,
				D4283FA81B4875650054188B /* Accounts.framework */,
				D4283F9C1B4874C50054188B /* Bolts.framework */,
				D4283F9D1B4874C50054188B /* Parse.framework */,
				D4283F9E1B4874C50054188B /* ParseCrashReporting.framework */,
				D4283F9F1B4874C50054188B /* ParseFacebookUtils.framework */,
				D4283FA01B4874C50054188B /* ParseFacebookUtilsV4.framework */,
				D4283FA11B4874C50054188B /* ParseUI.framework */,
			);
			name = Frameworks;
			sourceTree = "<group>";
		};
/* End PBXGroup section */

/* Begin PBXNativeTarget section */
		9EEAFD911B4727DB0095CCF5 /* Project1 */ = {
			isa = PBXNativeTarget;
			buildConfigurationList = 9EEAFDB11B4727DB0095CCF5 /* Build configuration list for PBXNativeTarget "Project1" */;
			buildPhases = (
				9EEAFD8E1B4727DB0095CCF5 /* Sources */,
				9EEAFD8F1B4727DB0095CCF5 /* Frameworks */,
				9EEAFD901B4727DB0095CCF5 /* Resources */,
			);
			buildRules = (
			);
			dependencies = (
			);
			name = Project1;
			productName = Project1;
			productReference = 9EEAFD921B4727DB0095CCF5 /* Project1.app */;
			productType = "com.apple.product-type.application";
		};
		9EEAFDA61B4727DB0095CCF5 /* Project1Tests */ = {
			isa = PBXNativeTarget;
			buildConfigurationList = 9EEAFDB41B4727DB0095CCF5 /* Build configuration list for PBXNativeTarget "Project1Tests" */;
			buildPhases = (
				9EEAFDA31B4727DB0095CCF5 /* Sources */,
				9EEAFDA41B4727DB0095CCF5 /* Frameworks */,
				9EEAFDA51B4727DB0095CCF5 /* Resources */,
			);
			buildRules = (
			);
			dependencies = (
				9EEAFDA91B4727DB0095CCF5 /* PBXTargetDependency */,
			);
			name = Project1Tests;
			productName = Project1Tests;
			productReference = 9EEAFDA71B4727DB0095CCF5 /* Project1Tests.xctest */;
			productType = "com.apple.product-type.bundle.unit-test";
		};
/* End PBXNativeTarget section */

/* Begin PBXProject section */
		9EEAFD8A1B4727DB0095CCF5 /* Project object */ = {
			isa = PBXProject;
			attributes = {
				LastUpgradeCheck = 0640;
				ORGANIZATIONNAME = "Joanna Bartolome";
				TargetAttributes = {
					9EEAFD911B4727DB0095CCF5 = {
						CreatedOnToolsVersion = 6.4;
					};
					9EEAFDA61B4727DB0095CCF5 = {
						CreatedOnToolsVersion = 6.4;
						TestTargetID = 9EEAFD911B4727DB0095CCF5;
					};
				};
			};
			buildConfigurationList = 9EEAFD8D1B4727DB0095CCF5 /* Build configuration list for PBXProject "Project1" */;
			compatibilityVersion = "Xcode 3.2";
			developmentRegion = English;
			hasScannedForEncodings = 0;
			knownRegions = (
				en,
				Base,
			);
			mainGroup = 9EEAFD891B4727DB0095CCF5;
			productRefGroup = 9EEAFD931B4727DB0095CCF5 /* Products */;
			projectDirPath = "";
			projectRoot = "";
			targets = (
				9EEAFD911B4727DB0095CCF5 /* Project1 */,
				9EEAFDA61B4727DB0095CCF5 /* Project1Tests */,
			);
		};
/* End PBXProject section */

/* Begin PBXResourcesBuildPhase section */
		9EEAFD901B4727DB0095CCF5 /* Resources */ = {
			isa = PBXResourcesBuildPhase;
			buildActionMask = 2147483647;
			files = (
				9EEAFD9D1B4727DB0095CCF5 /* Main.storyboard in Resources */,
				9EEAFDA21B4727DB0095CCF5 /* LaunchScreen.xib in Resources */,
				9EEAFD9F1B4727DB0095CCF5 /* Images.xcassets in Resources */,
			);
			runOnlyForDeploymentPostprocessing = 0;
		};
		9EEAFDA51B4727DB0095CCF5 /* Resources */ = {
			isa = PBXResourcesBuildPhase;
			buildActionMask = 2147483647;
			files = (
			);
			runOnlyForDeploymentPostprocessing = 0;
		};
/* End PBXResourcesBuildPhase section */

/* Begin PBXSourcesBuildPhase section */
		9EEAFD8E1B4727DB0095CCF5 /* Sources */ = {
			isa = PBXSourcesBuildPhase;
			buildActionMask = 2147483647;
			files = (
				9EEAFD9A1B4727DB0095CCF5 /* ViewController.swift in Sources */,
				9EEAFD981B4727DB0095CCF5 /* AppDelegate.swift in Sources */,
			);
			runOnlyForDeploymentPostprocessing = 0;
		};
		9EEAFDA31B4727DB0095CCF5 /* Sources */ = {
			isa = PBXSourcesBuildPhase;
			buildActionMask = 2147483647;
			files = (
				9EEAFDAE1B4727DB0095CCF5 /* Project1Tests.swift in Sources */,
			);
			runOnlyForDeploymentPostprocessing = 0;
		};
/* End PBXSourcesBuildPhase section */

/* Begin PBXTargetDependency section */
		9EEAFDA91B4727DB0095CCF5 /* PBXTargetDependency */ = {
			isa = PBXTargetDependency;
			target = 9EEAFD911B4727DB0095CCF5 /* Project1 */;
			targetProxy = 9EEAFDA81B4727DB0095CCF5 /* PBXContainerItemProxy */;
		};
/* End PBXTargetDependency section */

/* Begin PBXVariantGroup section */
		9EEAFD9B1B4727DB0095CCF5 /* Main.storyboard */ = {
			isa = PBXVariantGroup;
			children = (
				9EEAFD9C1B4727DB0095CCF5 /* Base */,
			);
			name = Main.storyboard;
			sourceTree = "<group>";
		};
		9EEAFDA01B4727DB0095CCF5 /* LaunchScreen.xib */ = {
			isa = PBXVariantGroup;
			children = (
				9EEAFDA11B4727DB0095CCF5 /* Base */,
			);
			name = LaunchScreen.xib;
			sourceTree = "<group>";
		};
/* End PBXVariantGroup section */

/* Begin XCBuildConfiguration section */
		9EEAFDAF1B4727DB0095CCF5 /* Debug */ = {
			isa = XCBuildConfiguration;
			buildSettings = {
				ALWAYS_SEARCH_USER_PATHS = NO;
				CLANG_CXX_LANGUAGE_STANDARD = "gnu++0x";
				CLANG_CXX_LIBRARY = "libc++";
				CLANG_ENABLE_MODULES = YES;
				CLANG_ENABLE_OBJC_ARC = YES;
				CLANG_WARN_BOOL_CONVERSION = YES;
				CLANG_WARN_CONSTANT_CONVERSION = YES;
				CLANG_WARN_DIRECT_OBJC_ISA_USAGE = YES_ERROR;
				CLANG_WARN_EMPTY_BODY = YES;
				CLANG_WARN_ENUM_CONVERSION = YES;
				CLANG_WARN_INT_CONVERSION = YES;
				CLANG_WARN_OBJC_ROOT_CLASS = YES_ERROR;
				CLANG_WARN_UNREACHABLE_CODE = YES;
				CLANG_WARN__DUPLICATE_METHOD_MATCH = YES;
				"CODE_SIGN_IDENTITY[sdk=iphoneos*]" = "iPhone Developer";
				COPY_PHASE_STRIP = NO;
				DEBUG_INFORMATION_FORMAT = "dwarf-with-dsym";
				ENABLE_STRICT_OBJC_MSGSEND = YES;
				GCC_C_LANGUAGE_STANDARD = gnu99;
				GCC_DYNAMIC_NO_PIC = NO;
				GCC_NO_COMMON_BLOCKS = YES;
				GCC_OPTIMIZATION_LEVEL = 0;
				GCC_PREPROCESSOR_DEFINITIONS = (
					"DEBUG=1",
					"$(inherited)",
				);
				GCC_SYMBOLS_PRIVATE_EXTERN = NO;
				GCC_WARN_64_TO_32_BIT_CONVERSION = YES;
				GCC_WARN_ABOUT_RETURN_TYPE = YES_ERROR;
				GCC_WARN_UNDECLARED_SELECTOR = YES;
				GCC_WARN_UNINITIALIZED_AUTOS = YES_AGGRESSIVE;
				GCC_WARN_UNUSED_FUNCTION = YES;
				GCC_WARN_UNUSED_VARIABLE = YES;
				IPHONEOS_DEPLOYMENT_TARGET = 8.4;
				MTL_ENABLE_DEBUG_INFO = YES;
				ONLY_ACTIVE_ARCH = YES;
				SDKROOT = iphoneos;
				SWIFT_OPTIMIZATION_LEVEL = "-Onone";
				TARGETED_DEVICE_FAMILY = "1,2";
			};
			name = Debug;
		};
		9EEAFDB01B4727DB0095CCF5 /* Release */ = {
			isa = XCBuildConfiguration;
			buildSettings = {
				ALWAYS_SEARCH_USER_PATHS = NO;
				CLANG_CXX_LANGUAGE_STANDARD = "gnu++0x";
				CLANG_CXX_LIBRARY = "libc++";
				CLANG_ENABLE_MODULES = YES;
				CLANG_ENABLE_OBJC_ARC = YES;
				CLANG_WARN_BOOL_CONVERSION = YES;
				CLANG_WARN_CONSTANT_CONVERSION = YES;
				CLANG_WARN_DIRECT_OBJC_ISA_USAGE = YES_ERROR;
				CLANG_WARN_EMPTY_BODY = YES;
				CLANG_WARN_ENUM_CONVERSION = YES;
				CLANG_WARN_INT_CONVERSION = YES;
				CLANG_WARN_OBJC_ROOT_CLASS = YES_ERROR;
				CLANG_WARN_UNREACHABLE_CODE = YES;
				CLANG_WARN__DUPLICATE_METHOD_MATCH = YES;
				"CODE_SIGN_IDENTITY[sdk=iphoneos*]" = "iPhone Developer";
				COPY_PHASE_STRIP = NO;
				DEBUG_INFORMATION_FORMAT = "dwarf-with-dsym";
				ENABLE_NS_ASSERTIONS = NO;
				ENABLE_STRICT_OBJC_MSGSEND = YES;
				GCC_C_LANGUAGE_STANDARD = gnu99;
				GCC_NO_COMMON_BLOCKS = YES;
				GCC_WARN_64_TO_32_BIT_CONVERSION = YES;
				GCC_WARN_ABOUT_RETURN_TYPE = YES_ERROR;
				GCC_WARN_UNDECLARED_SELECTOR = YES;
				GCC_WARN_UNINITIALIZED_AUTOS = YES_AGGRESSIVE;
				GCC_WARN_UNUSED_FUNCTION = YES;
				GCC_WARN_UNUSED_VARIABLE = YES;
				IPHONEOS_DEPLOYMENT_TARGET = 8.4;
				MTL_ENABLE_DEBUG_INFO = NO;
				SDKROOT = iphoneos;
				TARGETED_DEVICE_FAMILY = "1,2";
				VALIDATE_PRODUCT = YES;
			};
			name = Release;
		};
		9EEAFDB21B4727DB0095CCF5 /* Debug */ = {
			isa = XCBuildConfiguration;
			buildSettings = {
				ASSETCATALOG_COMPILER_APPICON_NAME = AppIcon;
				FRAMEWORK_SEARCH_PATHS = (
					"$(inherited)",
					"$(PROJECT_DIR)/parse-library-1",
				);
				INFOPLIST_FILE = Project1/Info.plist;
				LD_RUNPATH_SEARCH_PATHS = "$(inherited) @executable_path/Frameworks";
				PRODUCT_NAME = "$(TARGET_NAME)";
			};
			name = Debug;
		};
		9EEAFDB31B4727DB0095CCF5 /* Release */ = {
			isa = XCBuildConfiguration;
			buildSettings = {
				ASSETCATALOG_COMPILER_APPICON_NAME = AppIcon;
				FRAMEWORK_SEARCH_PATHS = (
					"$(inherited)",
					"$(PROJECT_DIR)/parse-library-1",
				);
				INFOPLIST_FILE = Project1/Info.plist;
				LD_RUNPATH_SEARCH_PATHS = "$(inherited) @executable_path/Frameworks";
				PRODUCT_NAME = "$(TARGET_NAME)";
			};
			name = Release;
		};
		9EEAFDB51B4727DB0095CCF5 /* Debug */ = {
			isa = XCBuildConfiguration;
			buildSettings = {
				BUNDLE_LOADER = "$(TEST_HOST)";
				FRAMEWORK_SEARCH_PATHS = (
					"$(SDKROOT)/Developer/Library/Frameworks",
					"$(inherited)",
				);
				GCC_PREPROCESSOR_DEFINITIONS = (
					"DEBUG=1",
					"$(inherited)",
				);
				INFOPLIST_FILE = Project1Tests/Info.plist;
				LD_RUNPATH_SEARCH_PATHS = "$(inherited) @executable_path/Frameworks @loader_path/Frameworks";
				PRODUCT_NAME = "$(TARGET_NAME)";
				TEST_HOST = "$(BUILT_PRODUCTS_DIR)/Project1.app/Project1";
			};
			name = Debug;
		};
		9EEAFDB61B4727DB0095CCF5 /* Release */ = {
			isa = XCBuildConfiguration;
			buildSettings = {
				BUNDLE_LOADER = "$(TEST_HOST)";
				FRAMEWORK_SEARCH_PATHS = (
					"$(SDKROOT)/Developer/Library/Frameworks",
					"$(inherited)",
				);
				INFOPLIST_FILE = Project1Tests/Info.plist;
				LD_RUNPATH_SEARCH_PATHS = "$(inherited) @executable_path/Frameworks @loader_path/Frameworks";
				PRODUCT_NAME = "$(TARGET_NAME)";
				TEST_HOST = "$(BUILT_PRODUCTS_DIR)/Project1.app/Project1";
			};
			name = Release;
		};
/* End XCBuildConfiguration section */

/* Begin XCConfigurationList section */
		9EEAFD8D1B4727DB0095CCF5 /* Build configuration list for PBXProject "Project1" */ = {
			isa = XCConfigurationList;
			buildConfigurations = (
				9EEAFDAF1B4727DB0095CCF5 /* Debug */,
				9EEAFDB01B4727DB0095CCF5 /* Release */,
			);
			defaultConfigurationIsVisible = 0;
			defaultConfigurationName = Release;
		};
		9EEAFDB11B4727DB0095CCF5 /* Build configuration list for PBXNativeTarget "Project1" */ = {
			isa = XCConfigurationList;
			buildConfigurations = (
				9EEAFDB21B4727DB0095CCF5 /* Debug */,
				9EEAFDB31B4727DB0095CCF5 /* Release */,
			);
			defaultConfigurationIsVisible = 0;
			defaultConfigurationName = Release;
		};
		9EEAFDB41B4727DB0095CCF5 /* Build configuration list for PBXNativeTarget "Project1Tests" */ = {
			isa = XCConfigurationList;
			buildConfigurations = (
				9EEAFDB51B4727DB0095CCF5 /* Debug */,
				9EEAFDB61B4727DB0095CCF5 /* Release */,
			);
			defaultConfigurationIsVisible = 0;
			defaultConfigurationName = Release;
		};
/* End XCConfigurationList section */
	};
	rootObject = 9EEAFD8A1B4727DB0095CCF5 /* Project object */;
}
